
Microsoft Visual Studio Solution File, Format Version 12.00
# Visual Studio Version 16
VisualStudioVersion = 16.0.31112.23
MinimumVisualStudioVersion = 10.0.40219.1
Project("{FAE04EC0-301F-11D3-BF4B-00C04F79EFBC}") = "StartMode", "StartMode\StartMode.csproj", "{3EA04513-8A95-46CF-9783-EDAAC84E2880}"
EndProject
Global
	GlobalSection(SolutionConfigurationPlatforms) = preSolution
		Debug|Any CPU = Debug|Any CPU
		Release|Any CPU = Release|Any CPU
	EndGlobalSection
	GlobalSection(ProjectConfigurationPlatforms) = postSolution
		{3EA04513-8A95-46CF-9783-EDAAC84E2880}.Debug|Any CPU.ActiveCfg = Debug|Any CPU
		{3EA04513-8A95-46CF-9783-EDAAC84E2880}.Debug|Any CPU.Build.0 = Debug|Any CPU
		{3EA04513-8A95-46CF-9783-EDAAC84E2880}.Release|Any CPU.ActiveCfg = Release|Any CPU
		{3EA04513-8A95-46CF-9783-EDAAC84E2880}.Release|Any CPU.Build.0 = Release|Any CPU
	EndGlobalSection
	GlobalSection(SolutionProperties) = preSolution
		HideSolutionNode = FALSE
	EndGlobalSection
	GlobalSection(ExtensibilityGlobals) = postSolution
		SolutionGuid = {541F2A00-492F-43CC-AF06-59DD664DC6BD}
	EndGlobalSection
EndGlobal
